Microsoft Visual Studio Solution File, Format Version 11.00
# Visual Studio 2008

Project("{594C16CA-0695-F666-5D7C-F4971707ADF6}") = "HA", "Assembly-CSharp.csproj", "{8F31A584-957B-0517-D392-F36FD1FB30D1}"
EndProject
Global
	GlobalSection(SolutionConfigurationPlatforms) = preSolution
		Debug|Any CPU = Debug|Any CPU
		Release|Any CPU = Release|Any CPU
	EndGlobalSection
	GlobalSection(ProjectConfigurationPlatforms) = postSolution
		{8F31A584-957B-0517-D392-F36FD1FB30D1}.Debug|Any CPU.ActiveCfg = Debug|Any CPU
		{8F31A584-957B-0517-D392-F36FD1FB30D1}.Debug|Any CPU.Build.0 = Debug|Any CPU
		{8F31A584-957B-0517-D392-F36FD1FB30D1}.Release|Any CPU.ActiveCfg = Release|Any CPU
		{8F31A584-957B-0517-D392-F36FD1FB30D1}.Release|Any CPU.Build.0 = Release|Any CPU
	EndGlobalSection
	GlobalSection(SolutionProperties) = preSolution
		HideSolutionNode = FALSE
	EndGlobalSection
	GlobalSection(MonoDevelopProperties) = preSolution
		StartupItem = Assembly-CSharp.csproj
	EndGlobalSection
EndGlobal
